
Microsoft Visual Studio Solution File, Format Version 12.00
# Visual Studio 15
VisualStudioVersion = 15.0.28010.2016
MinimumVisualStudioVersion = 10.0.40219.1
Project("{FAE04EC0-301F-11D3-BF4B-00C04F79EFBC}") = "example2", "ConsoleApplication6\example2.csproj", "{F04B746B-E0C7-4571-BA8B-363EEF924C28}"
EndProject
Project("{FAE04EC0-301F-11D3-BF4B-00C04F79EFBC}") = "example1", "example1\example1.csproj", "{A4637312-2DD7-4AB8-869C-7368AB07731D}"
EndProject
Project("{FAE04EC0-301F-11D3-BF4B-00C04F79EFBC}") = "example3_1", "example3_!\example3_1.csproj", "{B8EA8A2F-0157-41CC-AF93-F743F75F0DE0}"
EndProject
Project("{FAE04EC0-301F-11D3-BF4B-00C04F79EFBC}") = "example3_2", "example3_2\example3_2.csproj", "{FC69E245-889E-4B2B-BD52-30778CE83007}"
EndProject
Project("{FAE04EC0-301F-11D3-BF4B-00C04F79EFBC}") = "example4", "example4\example4.csproj", "{8EE3A21D-4148-492E-A014-F1A3D59E3B99}"
EndProject
Project("{FAE04EC0-301F-11D3-BF4B-00C04F79EFBC}") = "example3_0", "example3_0\example3_0.csproj", "{93624BBD-3DA2-41CD-9EFC-218439E34B13}"
EndProject
Project("{FAE04EC0-301F-11D3-BF4B-00C04F79EFBC}") = "example5", "example5\example5.csproj", "{DD30E8F6-0994-46CA-BBD7-9F1C9D17D9BB}"
EndProject
Project("{FAE04EC0-301F-11D3-BF4B-00C04F79EFBC}") = "example6", "example6\example6.csproj", "{F522E79D-D857-4A89-9F58-C35F656DDB96}"
EndProject
Project("{FAE04EC0-301F-11D3-BF4B-00C04F79EFBC}") = "example7", "example7\example7.csproj", "{BC066ED8-68FC-4437-A5EA-A0ECB5AB2CC2}"
EndProject
Project("{FAE04EC0-301F-11D3-BF4B-00C04F79EFBC}") = "example8", "example8\example8.csproj", "{1A211BB6-170C-4032-82A7-E4DC92FC953F}"
EndProject
Global
	GlobalSection(SolutionConfigurationPlatforms) = preSolution
		Debug|Any CPU = Debug|Any CPU
		Release|Any CPU = Release|Any CPU
	EndGlobalSection
	GlobalSection(ProjectConfigurationPlatforms) = postSolution
		{F04B746B-E0C7-4571-BA8B-363EEF924C28}.Debug|Any CPU.ActiveCfg = Debug|Any CPU
		{F04B746B-E0C7-4571-BA8B-363EEF924C28}.Debug|Any CPU.Build.0 = Debug|Any CPU
		{F04B746B-E0C7-4571-BA8B-363EEF924C28}.Release|Any CPU.ActiveCfg = Release|Any CPU
		{F04B746B-E0C7-4571-BA8B-363EEF924C28}.Release|Any CPU.Build.0 = Release|Any CPU
		{A4637312-2DD7-4AB8-869C-7368AB07731D}.Debug|Any CPU.ActiveCfg = Debug|Any CPU
		{A4637312-2DD7-4AB8-869C-7368AB07731D}.Debug|Any CPU.Build.0 = Debug|Any CPU
		{A4637312-2DD7-4AB8-869C-7368AB07731D}.Release|Any CPU.ActiveCfg = Release|Any CPU
		{A4637312-2DD7-4AB8-869C-7368AB07731D}.Release|Any CPU.Build.0 = Release|Any CPU
		{B8EA8A2F-0157-41CC-AF93-F743F75F0DE0}.Debug|Any CPU.ActiveCfg = Debug|Any CPU
		{B8EA8A2F-0157-41CC-AF93-F743F75F0DE0}.Debug|Any CPU.Build.0 = Debug|Any CPU
		{B8EA8A2F-0157-41CC-AF93-F743F75F0DE0}.Release|Any CPU.ActiveCfg = Release|Any CPU
		{B8EA8A2F-0157-41CC-AF93-F743F75F0DE0}.Release|Any CPU.Build.0 = Release|Any CPU
		{FC69E245-889E-4B2B-BD52-30778CE83007}.Debug|Any CPU.ActiveCfg = Debug|Any CPU
		{FC69E245-889E-4B2B-BD52-30778CE83007}.Debug|Any CPU.Build.0 = Debug|Any CPU
		{FC69E245-889E-4B2B-BD52-30778CE83007}.Release|Any CPU.ActiveCfg = Release|Any CPU
		{FC69E245-889E-4B2B-BD52-30778CE83007}.Release|Any CPU.Build.0 = Release|Any CPU
		{8EE3A21D-4148-492E-A014-F1A3D59E3B99}.Debug|Any CPU.ActiveCfg = Debug|Any CPU
		{8EE3A21D-4148-492E-A014-F1A3D59E3B99}.Debug|Any CPU.Build.0 = Debug|Any CPU
		{8EE3A21D-4148-492E-A014-F1A3D59E3B99}.Release|Any CPU.ActiveCfg = Release|Any CPU
		{8EE3A21D-4148-492E-A014-F1A3D59E3B99}.Release|Any CPU.Build.0 = Release|Any CPU
		{93624BBD-3DA2-41CD-9EFC-218439E34B13}.Debug|Any CPU.ActiveCfg = Debug|Any CPU
		{93624BBD-3DA2-41CD-9EFC-218439E34B13}.Debug|Any CPU.Build.0 = Debug|Any CPU
		{93624BBD-3DA2-41CD-9EFC-218439E34B13}.Release|Any CPU.ActiveCfg = Release|Any CPU
		{93624BBD-3DA2-41CD-9EFC-218439E34B13}.Release|Any CPU.Build.0 = Release|Any CPU
		{DD30E8F6-0994-46CA-BBD7-9F1C9D17D9BB}.Debug|Any CPU.ActiveCfg = Debug|Any CPU
		{DD30E8F6-0994-46CA-BBD7-9F1C9D17D9BB}.Debug|Any CPU.Build.0 = Debug|Any CPU
		{DD30E8F6-0994-46CA-BBD7-9F1C9D17D9BB}.Release|Any CPU.ActiveCfg = Release|Any CPU
		{DD30E8F6-0994-46CA-BBD7-9F1C9D17D9BB}.Release|Any CPU.Build.0 = Release|Any CPU
		{F522E79D-D857-4A89-9F58-C35F656DDB96}.Debug|Any CPU.ActiveCfg = Debug|Any CPU
		{F522E79D-D857-4A89-9F58-C35F656DDB96}.Debug|Any CPU.Build.0 = Debug|Any CPU
		{F522E79D-D857-4A89-9F58-C35F656DDB96}.Release|Any CPU.ActiveCfg = Release|Any CPU
		{F522E79D-D857-4A89-9F58-C35F656DDB96}.Release|Any CPU.Build.0 = Release|Any CPU
		{BC066ED8-68FC-4437-A5EA-A0ECB5AB2CC2}.Debug|Any CPU.ActiveCfg = Debug|Any CPU
		{BC066ED8-68FC-4437-A5EA-A0ECB5AB2CC2}.Debug|Any CPU.Build.0 = Debug|Any CPU
		{BC066ED8-68FC-4437-A5EA-A0ECB5AB2CC2}.Release|Any CPU.ActiveCfg = Release|Any CPU
		{BC066ED8-68FC-4437-A5EA-A0ECB5AB2CC2}.Release|Any CPU.Build.0 = Release|Any CPU
		{1A211BB6-170C-4032-82A7-E4DC92FC953F}.Debug|Any CPU.ActiveCfg = Debug|Any CPU
		{1A211BB6-170C-4032-82A7-E4DC92FC953F}.Debug|Any CPU.Build.0 = Debug|Any CPU
		{1A211BB6-170C-4032-82A7-E4DC92FC953F}.Release|Any CPU.ActiveCfg = Release|Any CPU
		{1A211BB6-170C-4032-82A7-E4DC92FC953F}.Release|Any CPU.Build.0 = Release|Any CPU
	EndGlobalSection
	GlobalSection(SolutionProperties) = preSolution
		HideSolutionNode = FALSE
	EndGlobalSection
	GlobalSection(ExtensibilityGlobals) = postSolution
		SolutionGuid = {3DF4D2D1-89A1-4923-A101-510E75CF3625}
	EndGlobalSection
EndGlobal
