
Microsoft Visual Studio Solution File, Format Version 12.00
# Visual Studio 15
VisualStudioVersion = 15.0.28010.2016
MinimumVisualStudioVersion = 10.0.40219.1
Project("{FAE04EC0-301F-11D3-BF4B-00C04F79EFBC}") = "Task01", "HW1_01\Task01.csproj", "{F3817308-EF32-41AF-B730-E80AB4469F37}"
EndProject
Project("{FAE04EC0-301F-11D3-BF4B-00C04F79EFBC}") = "Task02", "Task02\Task02.csproj", "{A07CBB95-5528-413A-919E-250A357C1B6A}"
EndProject
Project("{FAE04EC0-301F-11D3-BF4B-00C04F79EFBC}") = "ASCIIDecoder", "ASCIIDecoder\ASCIIDecoder.csproj", "{6CC76EAE-0D13-4FDC-880D-733BD0EB9447}"
EndProject
Project("{FAE04EC0-301F-11D3-BF4B-00C04F79EFBC}") = "Task04", "Task04\Task04.csproj", "{BD40CE16-D2B6-4123-8112-D505F18C8051}"
EndProject
Project("{FAE04EC0-301F-11D3-BF4B-00C04F79EFBC}") = "Task05", "Task05\Task05.csproj", "{2A315F43-8249-4859-BED0-6F5E487A2D31}"
EndProject
Global
	GlobalSection(SolutionConfigurationPlatforms) = preSolution
		Debug|Any CPU = Debug|Any CPU
		Release|Any CPU = Release|Any CPU
	EndGlobalSection
	GlobalSection(ProjectConfigurationPlatforms) = postSolution
		{F3817308-EF32-41AF-B730-E80AB4469F37}.Debug|Any CPU.ActiveCfg = Debug|Any CPU
		{F3817308-EF32-41AF-B730-E80AB4469F37}.Debug|Any CPU.Build.0 = Debug|Any CPU
		{F3817308-EF32-41AF-B730-E80AB4469F37}.Release|Any CPU.ActiveCfg = Release|Any CPU
		{F3817308-EF32-41AF-B730-E80AB4469F37}.Release|Any CPU.Build.0 = Release|Any CPU
		{A07CBB95-5528-413A-919E-250A357C1B6A}.Debug|Any CPU.ActiveCfg = Debug|Any CPU
		{A07CBB95-5528-413A-919E-250A357C1B6A}.Debug|Any CPU.Build.0 = Debug|Any CPU
		{A07CBB95-5528-413A-919E-250A357C1B6A}.Release|Any CPU.ActiveCfg = Release|Any CPU
		{A07CBB95-5528-413A-919E-250A357C1B6A}.Release|Any CPU.Build.0 = Release|Any CPU
		{6CC76EAE-0D13-4FDC-880D-733BD0EB9447}.Debug|Any CPU.ActiveCfg = Debug|Any CPU
		{6CC76EAE-0D13-4FDC-880D-733BD0EB9447}.Debug|Any CPU.Build.0 = Debug|Any CPU
		{6CC76EAE-0D13-4FDC-880D-733BD0EB9447}.Release|Any CPU.ActiveCfg = Release|Any CPU
		{6CC76EAE-0D13-4FDC-880D-733BD0EB9447}.Release|Any CPU.Build.0 = Release|Any CPU
		{BD40CE16-D2B6-4123-8112-D505F18C8051}.Debug|Any CPU.ActiveCfg = Debug|Any CPU
		{BD40CE16-D2B6-4123-8112-D505F18C8051}.Debug|Any CPU.Build.0 = Debug|Any CPU
		{BD40CE16-D2B6-4123-8112-D505F18C8051}.Release|Any CPU.ActiveCfg = Release|Any CPU
		{BD40CE16-D2B6-4123-8112-D505F18C8051}.Release|Any CPU.Build.0 = Release|Any CPU
		{2A315F43-8249-4859-BED0-6F5E487A2D31}.Debug|Any CPU.ActiveCfg = Debug|Any CPU
		{2A315F43-8249-4859-BED0-6F5E487A2D31}.Debug|Any CPU.Build.0 = Debug|Any CPU
		{2A315F43-8249-4859-BED0-6F5E487A2D31}.Release|Any CPU.ActiveCfg = Release|Any CPU
		{2A315F43-8249-4859-BED0-6F5E487A2D31}.Release|Any CPU.Build.0 = Release|Any CPU
	EndGlobalSection
	GlobalSection(SolutionProperties) = preSolution
		HideSolutionNode = FALSE
	EndGlobalSection
	GlobalSection(ExtensibilityGlobals) = postSolution
		SolutionGuid = {18752DFC-14B3-4102-BF01-437A02FCA2B8}
	EndGlobalSection
EndGlobal
