
Microsoft Visual Studio Solution File, Format Version 12.00
# Visual Studio 15
VisualStudioVersion = 15.0.28010.2026
MinimumVisualStudioVersion = 10.0.40219.1
Project("{FAE04EC0-301F-11D3-BF4B-00C04F79EFBC}") = "SR3_1", "SR3\SR3_1.csproj", "{4594F80D-AE22-4C78-850E-9A103D97CD2E}"
EndProject
Project("{FAE04EC0-301F-11D3-BF4B-00C04F79EFBC}") = "SR3_2", "SR3_2\SR3_2.csproj", "{1588C758-D6D3-4518-8CA1-BA2DDAF053C9}"
EndProject
Global
	GlobalSection(SolutionConfigurationPlatforms) = preSolution
		Debug|Any CPU = Debug|Any CPU
		Release|Any CPU = Release|Any CPU
	EndGlobalSection
	GlobalSection(ProjectConfigurationPlatforms) = postSolution
		{4594F80D-AE22-4C78-850E-9A103D97CD2E}.Debug|Any CPU.ActiveCfg = Debug|Any CPU
		{4594F80D-AE22-4C78-850E-9A103D97CD2E}.Debug|Any CPU.Build.0 = Debug|Any CPU
		{4594F80D-AE22-4C78-850E-9A103D97CD2E}.Release|Any CPU.ActiveCfg = Release|Any CPU
		{4594F80D-AE22-4C78-850E-9A103D97CD2E}.Release|Any CPU.Build.0 = Release|Any CPU
		{1588C758-D6D3-4518-8CA1-BA2DDAF053C9}.Debug|Any CPU.ActiveCfg = Debug|Any CPU
		{1588C758-D6D3-4518-8CA1-BA2DDAF053C9}.Debug|Any CPU.Build.0 = Debug|Any CPU
		{1588C758-D6D3-4518-8CA1-BA2DDAF053C9}.Release|Any CPU.ActiveCfg = Release|Any CPU
		{1588C758-D6D3-4518-8CA1-BA2DDAF053C9}.Release|Any CPU.Build.0 = Release|Any CPU
	EndGlobalSection
	GlobalSection(SolutionProperties) = preSolution
		HideSolutionNode = FALSE
	EndGlobalSection
	GlobalSection(ExtensibilityGlobals) = postSolution
		SolutionGuid = {CE4DBFD9-76CE-482C-9E74-00DF691FB95B}
	EndGlobalSection
EndGlobal
