
Microsoft Visual Studio Solution File, Format Version 12.00
# Visual Studio 15
VisualStudioVersion = 15.0.28010.2016
MinimumVisualStudioVersion = 10.0.40219.1
Project("{FAE04EC0-301F-11D3-BF4B-00C04F79EFBC}") = "Seminar1_02", "Seminar1_02\Seminar1_02.csproj", "{39440D68-356F-4202-BC5A-489908916D77}"
EndProject
Global
	GlobalSection(SolutionConfigurationPlatforms) = preSolution
		Debug|Any CPU = Debug|Any CPU
		Release|Any CPU = Release|Any CPU
	EndGlobalSection
	GlobalSection(ProjectConfigurationPlatforms) = postSolution
		{39440D68-356F-4202-BC5A-489908916D77}.Debug|Any CPU.ActiveCfg = Debug|Any CPU
		{39440D68-356F-4202-BC5A-489908916D77}.Debug|Any CPU.Build.0 = Debug|Any CPU
		{39440D68-356F-4202-BC5A-489908916D77}.Release|Any CPU.ActiveCfg = Release|Any CPU
		{39440D68-356F-4202-BC5A-489908916D77}.Release|Any CPU.Build.0 = Release|Any CPU
	EndGlobalSection
	GlobalSection(SolutionProperties) = preSolution
		HideSolutionNode = FALSE
	EndGlobalSection
	GlobalSection(ExtensibilityGlobals) = postSolution
		SolutionGuid = {D1D45655-80FE-4E59-950C-374F3E934090}
	EndGlobalSection
EndGlobal
