
Microsoft Visual Studio Solution File, Format Version 12.00
# Visual Studio 15
VisualStudioVersion = 15.0.28010.2016
MinimumVisualStudioVersion = 10.0.40219.1
Project("{FAE04EC0-301F-11D3-BF4B-00C04F79EFBC}") = "Task01", "HW1_02\Task01.csproj", "{D0B0EB6D-0A69-4034-97AA-0848488A764E}"
EndProject
Project("{FAE04EC0-301F-11D3-BF4B-00C04F79EFBC}") = "Task02", "Task02\Task02.csproj", "{A5C7C9F2-019F-4463-971E-EACFB3D9FBB9}"
EndProject
Project("{FAE04EC0-301F-11D3-BF4B-00C04F79EFBC}") = "Task03", "Task3\Task03.csproj", "{B8C52068-CBD2-49C0-ABEC-C0D130E7FA10}"
EndProject
Project("{FAE04EC0-301F-11D3-BF4B-00C04F79EFBC}") = "Task04", "Task04\Task04.csproj", "{DFAEE739-A805-46C8-8E3E-45F223ECED43}"
EndProject
Project("{FAE04EC0-301F-11D3-BF4B-00C04F79EFBC}") = "Task05", "Task05\Task05.csproj", "{A6442C32-49F1-45E6-84DD-418BACA2608B}"
EndProject
Project("{FAE04EC0-301F-11D3-BF4B-00C04F79EFBC}") = "Task06", "Task06\Task06.csproj", "{BE7A7B89-6178-42CE-9419-7297CD787AFE}"
EndProject
Global
	GlobalSection(SolutionConfigurationPlatforms) = preSolution
		Debug|Any CPU = Debug|Any CPU
		Release|Any CPU = Release|Any CPU
	EndGlobalSection
	GlobalSection(ProjectConfigurationPlatforms) = postSolution
		{D0B0EB6D-0A69-4034-97AA-0848488A764E}.Debug|Any CPU.ActiveCfg = Debug|Any CPU
		{D0B0EB6D-0A69-4034-97AA-0848488A764E}.Debug|Any CPU.Build.0 = Debug|Any CPU
		{D0B0EB6D-0A69-4034-97AA-0848488A764E}.Release|Any CPU.ActiveCfg = Release|Any CPU
		{D0B0EB6D-0A69-4034-97AA-0848488A764E}.Release|Any CPU.Build.0 = Release|Any CPU
		{A5C7C9F2-019F-4463-971E-EACFB3D9FBB9}.Debug|Any CPU.ActiveCfg = Debug|Any CPU
		{A5C7C9F2-019F-4463-971E-EACFB3D9FBB9}.Debug|Any CPU.Build.0 = Debug|Any CPU
		{A5C7C9F2-019F-4463-971E-EACFB3D9FBB9}.Release|Any CPU.ActiveCfg = Release|Any CPU
		{A5C7C9F2-019F-4463-971E-EACFB3D9FBB9}.Release|Any CPU.Build.0 = Release|Any CPU
		{B8C52068-CBD2-49C0-ABEC-C0D130E7FA10}.Debug|Any CPU.ActiveCfg = Debug|Any CPU
		{B8C52068-CBD2-49C0-ABEC-C0D130E7FA10}.Debug|Any CPU.Build.0 = Debug|Any CPU
		{B8C52068-CBD2-49C0-ABEC-C0D130E7FA10}.Release|Any CPU.ActiveCfg = Release|Any CPU
		{B8C52068-CBD2-49C0-ABEC-C0D130E7FA10}.Release|Any CPU.Build.0 = Release|Any CPU
		{DFAEE739-A805-46C8-8E3E-45F223ECED43}.Debug|Any CPU.ActiveCfg = Debug|Any CPU
		{DFAEE739-A805-46C8-8E3E-45F223ECED43}.Debug|Any CPU.Build.0 = Debug|Any CPU
		{DFAEE739-A805-46C8-8E3E-45F223ECED43}.Release|Any CPU.ActiveCfg = Release|Any CPU
		{DFAEE739-A805-46C8-8E3E-45F223ECED43}.Release|Any CPU.Build.0 = Release|Any CPU
		{A6442C32-49F1-45E6-84DD-418BACA2608B}.Debug|Any CPU.ActiveCfg = Debug|Any CPU
		{A6442C32-49F1-45E6-84DD-418BACA2608B}.Debug|Any CPU.Build.0 = Debug|Any CPU
		{A6442C32-49F1-45E6-84DD-418BACA2608B}.Release|Any CPU.ActiveCfg = Release|Any CPU
		{A6442C32-49F1-45E6-84DD-418BACA2608B}.Release|Any CPU.Build.0 = Release|Any CPU
		{BE7A7B89-6178-42CE-9419-7297CD787AFE}.Debug|Any CPU.ActiveCfg = Debug|Any CPU
		{BE7A7B89-6178-42CE-9419-7297CD787AFE}.Debug|Any CPU.Build.0 = Debug|Any CPU
		{BE7A7B89-6178-42CE-9419-7297CD787AFE}.Release|Any CPU.ActiveCfg = Release|Any CPU
		{BE7A7B89-6178-42CE-9419-7297CD787AFE}.Release|Any CPU.Build.0 = Release|Any CPU
	EndGlobalSection
	GlobalSection(SolutionProperties) = preSolution
		HideSolutionNode = FALSE
	EndGlobalSection
	GlobalSection(ExtensibilityGlobals) = postSolution
		SolutionGuid = {B3EC717B-FB5D-4E7B-825C-CBEA02C8C5CD}
	EndGlobalSection
EndGlobal
